
Microsoft Visual Studio Solution File, Format Version 12.00
# Visual Studio 15
VisualStudioVersion = 15.0.28010.2026
MinimumVisualStudioVersion = 10.0.40219.1
Project("{FAE04EC0-301F-11D3-BF4B-00C04F79EFBC}") = "Minh.Android", "Minh\Minh.Android\Minh.Android.csproj", "{926509F8-B753-4B6A-80A7-D52D3293EC61}"
EndProject
Project("{FAE04EC0-301F-11D3-BF4B-00C04F79EFBC}") = "Minh.iOS", "Minh\Minh.iOS\Minh.iOS.csproj", "{C05FE77E-FCCD-4F1B-962F-7ABBA02BC18B}"
EndProject
Project("{FAE04EC0-301F-11D3-BF4B-00C04F79EFBC}") = "Minh.UWP", "Minh\Minh.UWP\Minh.UWP.csproj", "{8ADB19AB-F23F-4204-8792-15829AB3922F}"
EndProject
Project("{FAE04EC0-301F-11D3-BF4B-00C04F79EFBC}") = "Minh", "Minh\Minh\Minh.csproj", "{F68D23EA-10FE-46B6-A9A9-B9E5FE18EED1}"
EndProject
Global
	GlobalSection(SolutionConfigurationPlatforms) = preSolution
		Ad-Hoc|Any CPU = Ad-Hoc|Any CPU
		Ad-Hoc|ARM = Ad-Hoc|ARM
		Ad-Hoc|iPhone = Ad-Hoc|iPhone
		Ad-Hoc|iPhoneSimulator = Ad-Hoc|iPhoneSimulator
		Ad-Hoc|x64 = Ad-Hoc|x64
		Ad-Hoc|x86 = Ad-Hoc|x86
		AppStore|Any CPU = AppStore|Any CPU
		AppStore|ARM = AppStore|ARM
		AppStore|iPhone = AppStore|iPhone
		AppStore|iPhoneSimulator = AppStore|iPhoneSimulator
		AppStore|x64 = AppStore|x64
		AppStore|x86 = AppStore|x86
		Debug|Any CPU = Debug|Any CPU
		Debug|ARM = Debug|ARM
		Debug|iPhone = Debug|iPhone
		Debug|iPhoneSimulator = Debug|iPhoneSimulator
		Debug|x64 = Debug|x64
		Debug|x86 = Debug|x86
		Release|Any CPU = Release|Any CPU
		Release|ARM = Release|ARM
		Release|iPhone = Release|iPhone
		Release|iPhoneSimulator = Release|iPhoneSimulator
		Release|x64 = Release|x64
		Release|x86 = Release|x86
	EndGlobalSection
	GlobalSection(ProjectConfigurationPlatforms) = postSolution
		{926509F8-B753-4B6A-80A7-D52D3293EC61}.Ad-Hoc|Any CPU.ActiveCfg = Release|Any CPU
		{926509F8-B753-4B6A-80A7-D52D3293EC61}.Ad-Hoc|Any CPU.Build.0 = Release|Any CPU
		{926509F8-B753-4B6A-80A7-D52D3293EC61}.Ad-Hoc|Any CPU.Deploy.0 = Release|Any CPU
		{926509F8-B753-4B6A-80A7-D52D3293EC61}.Ad-Hoc|ARM.ActiveCfg = Release|Any CPU
		{926509F8-B753-4B6A-80A7-D52D3293EC61}.Ad-Hoc|ARM.Build.0 = Release|Any CPU
		{926509F8-B753-4B6A-80A7-D52D3293EC61}.Ad-Hoc|ARM.Deploy.0 = Release|Any CPU
		{926509F8-B753-4B6A-80A7-D52D3293EC61}.Ad-Hoc|iPhone.ActiveCfg = Release|Any CPU
		{926509F8-B753-4B6A-80A7-D52D3293EC61}.Ad-Hoc|iPhone.Build.0 = Release|Any CPU
		{926509F8-B753-4B6A-80A7-D52D3293EC61}.Ad-Hoc|iPhone.Deploy.0 = Release|Any CPU
		{926509F8-B753-4B6A-80A7-D52D3293EC61}.Ad-Hoc|iPhoneSimulator.ActiveCfg = Release|Any CPU
		{926509F8-B753-4B6A-80A7-D52D3293EC61}.Ad-Hoc|iPhoneSimulator.Build.0 = Release|Any CPU
		{926509F8-B753-4B6A-80A7-D52D3293EC61}.Ad-Hoc|iPhoneSimulator.Deploy.0 = Release|Any CPU
		{926509F8-B753-4B6A-80A7-D52D3293EC61}.Ad-Hoc|x64.ActiveCfg = Release|Any CPU
		{926509F8-B753-4B6A-80A7-D52D3293EC61}.Ad-Hoc|x64.Build.0 = Release|Any CPU
		{926509F8-B753-4B6A-80A7-D52D3293EC61}.Ad-Hoc|x64.Deploy.0 = Release|Any CPU
		{926509F8-B753-4B6A-80A7-D52D3293EC61}.Ad-Hoc|x86.ActiveCfg = Release|Any CPU
		{926509F8-B753-4B6A-80A7-D52D3293EC61}.Ad-Hoc|x86.Build.0 = Release|Any CPU
		{926509F8-B753-4B6A-80A7-D52D3293EC61}.Ad-Hoc|x86.Deploy.0 = Release|Any CPU
		{926509F8-B753-4B6A-80A7-D52D3293EC61}.AppStore|Any CPU.ActiveCfg = Release|Any CPU
		{926509F8-B753-4B6A-80A7-D52D3293EC61}.AppStore|Any CPU.Build.0 = Release|Any CPU
		{926509F8-B753-4B6A-80A7-D52D3293EC61}.AppStore|Any CPU.Deploy.0 = Release|Any CPU
		{926509F8-B753-4B6A-80A7-D52D3293EC61}.AppStore|ARM.ActiveCfg = Release|Any CPU
		{926509F8-B753-4B6A-80A7-D52D3293EC61}.AppStore|ARM.Build.0 = Release|Any CPU
		{926509F8-B753-4B6A-80A7-D52D3293EC61}.AppStore|ARM.Deploy.0 = Release|Any CPU
		{926509F8-B753-4B6A-80A7-D52D3293EC61}.AppStore|iPhone.ActiveCfg = Release|Any CPU
		{926509F8-B753-4B6A-80A7-D52D3293EC61}.AppStore|iPhone.Build.0 = Release|Any CPU
		{926509F8-B753-4B6A-80A7-D52D3293EC61}.AppStore|iPhone.Deploy.0 = Release|Any CPU
		{926509F8-B753-4B6A-80A7-D52D3293EC61}.AppStore|iPhoneSimulator.ActiveCfg = Release|Any CPU
		{926509F8-B753-4B6A-80A7-D52D3293EC61}.AppStore|iPhoneSimulator.Build.0 = Release|Any CPU
		{926509F8-B753-4B6A-80A7-D52D3293EC61}.AppStore|iPhoneSimulator.Deploy.0 = Release|Any CPU
		{926509F8-B753-4B6A-80A7-D52D3293EC61}.AppStore|x64.ActiveCfg = Release|Any CPU
		{926509F8-B753-4B6A-80A7-D52D3293EC61}.AppStore|x64.Build.0 = Release|Any CPU
		{926509F8-B753-4B6A-80A7-D52D3293EC61}.AppStore|x64.Deploy.0 = Release|Any CPU
		{926509F8-B753-4B6A-80A7-D52D3293EC61}.AppStore|x86.ActiveCfg = Release|Any CPU
		{926509F8-B753-4B6A-80A7-D52D3293EC61}.AppStore|x86.Build.0 = Release|Any CPU
		{926509F8-B753-4B6A-80A7-D52D3293EC61}.AppStore|x86.Deploy.0 = Release|Any CPU
		{926509F8-B753-4B6A-80A7-D52D3293EC61}.Debug|Any CPU.ActiveCfg = Debug|Any CPU
		{926509F8-B753-4B6A-80A7-D52D3293EC61}.Debug|Any CPU.Build.0 = Debug|Any CPU
		{926509F8-B753-4B6A-80A7-D52D3293EC61}.Debug|Any CPU.Deploy.0 = Debug|Any CPU
		{926509F8-B753-4B6A-80A7-D52D3293EC61}.Debug|ARM.ActiveCfg = Debug|Any CPU
		{926509F8-B753-4B6A-80A7-D52D3293EC61}.Debug|ARM.Build.0 = Debug|Any CPU
		{926509F8-B753-4B6A-80A7-D52D3293EC61}.Debug|ARM.Deploy.0 = Debug|Any CPU
		{926509F8-B753-4B6A-80A7-D52D3293EC61}.Debug|iPhone.ActiveCfg = Debug|Any CPU
		{926509F8-B753-4B6A-80A7-D52D3293EC61}.Debug|iPhone.Build.0 = Debug|Any CPU
		{926509F8-B753-4B6A-80A7-D52D3293EC61}.Debug|iPhone.Deploy.0 = Debug|Any CPU
		{926509F8-B753-4B6A-80A7-D52D3293EC61}.Debug|iPhoneSimulator.ActiveCfg = Debug|Any CPU
		{926509F8-B753-4B6A-80A7-D52D3293EC61}.Debug|iPhoneSimulator.Build.0 = Debug|Any CPU
		{926509F8-B753-4B6A-80A7-D52D3293EC61}.Debug|iPhoneSimulator.Deploy.0 = Debug|Any CPU
		{926509F8-B753-4B6A-80A7-D52D3293EC61}.Debug|x64.ActiveCfg = Debug|Any CPU
		{926509F8-B753-4B6A-80A7-D52D3293EC61}.Debug|x64.Build.0 = Debug|Any CPU
		{926509F8-B753-4B6A-80A7-D52D3293EC61}.Debug|x64.Deploy.0 = Debug|Any CPU
		{926509F8-B753-4B6A-80A7-D52D3293EC61}.Debug|x86.ActiveCfg = Debug|Any CPU
		{926509F8-B753-4B6A-80A7-D52D3293EC61}.Debug|x86.Build.0 = Debug|Any CPU
		{926509F8-B753-4B6A-80A7-D52D3293EC61}.Debug|x86.Deploy.0 = Debug|Any CPU
		{926509F8-B753-4B6A-80A7-D52D3293EC61}.Release|Any CPU.ActiveCfg = Release|Any CPU
		{926509F8-B753-4B6A-80A7-D52D3293EC61}.Release|Any CPU.Build.0 = Release|Any CPU
		{926509F8-B753-4B6A-80A7-D52D3293EC61}.Release|Any CPU.Deploy.0 = Release|Any CPU
		{926509F8-B753-4B6A-80A7-D52D3293EC61}.Release|ARM.ActiveCfg = Release|Any CPU
		{926509F8-B753-4B6A-80A7-D52D3293EC61}.Release|ARM.Build.0 = Release|Any CPU
		{926509F8-B753-4B6A-80A7-D52D3293EC61}.Release|ARM.Deploy.0 = Release|Any CPU
		{926509F8-B753-4B6A-80A7-D52D3293EC61}.Release|iPhone.ActiveCfg = Release|Any CPU
		{926509F8-B753-4B6A-80A7-D52D3293EC61}.Release|iPhone.Build.0 = Release|Any CPU
		{926509F8-B753-4B6A-80A7-D52D3293EC61}.Release|iPhone.Deploy.0 = Release|Any CPU
		{926509F8-B753-4B6A-80A7-D52D3293EC61}.Release|iPhoneSimulator.ActiveCfg = Release|Any CPU
		{926509F8-B753-4B6A-80A7-D52D3293EC61}.Release|iPhoneSimulator.Build.0 = Release|Any CPU
		{926509F8-B753-4B6A-80A7-D52D3293EC61}.Release|iPhoneSimulator.Deploy.0 = Release|Any CPU
		{926509F8-B753-4B6A-80A7-D52D3293EC61}.Release|x64.ActiveCfg = Release|Any CPU
		{926509F8-B753-4B6A-80A7-D52D3293EC61}.Release|x64.Build.0 = Release|Any CPU
		{926509F8-B753-4B6A-80A7-D52D3293EC61}.Release|x64.Deploy.0 = Release|Any CPU
		{926509F8-B753-4B6A-80A7-D52D3293EC61}.Release|x86.ActiveCfg = Release|Any CPU
		{926509F8-B753-4B6A-80A7-D52D3293EC61}.Release|x86.Build.0 = Release|Any CPU
		{926509F8-B753-4B6A-80A7-D52D3293EC61}.Release|x86.Deploy.0 = Release|Any CPU
		{C05FE77E-FCCD-4F1B-962F-7ABBA02BC18B}.Ad-Hoc|Any CPU.ActiveCfg = Ad-Hoc|iPhone
		{C05FE77E-FCCD-4F1B-962F-7ABBA02BC18B}.Ad-Hoc|Any CPU.Build.0 = Ad-Hoc|iPhone
		{C05FE77E-FCCD-4F1B-962F-7ABBA02BC18B}.Ad-Hoc|Any CPU.Deploy.0 = Ad-Hoc|iPhone
		{C05FE77E-FCCD-4F1B-962F-7ABBA02BC18B}.Ad-Hoc|ARM.ActiveCfg = Ad-Hoc|iPhone
		{C05FE77E-FCCD-4F1B-962F-7ABBA02BC18B}.Ad-Hoc|ARM.Build.0 = Ad-Hoc|iPhone
		{C05FE77E-FCCD-4F1B-962F-7ABBA02BC18B}.Ad-Hoc|ARM.Deploy.0 = Ad-Hoc|iPhone
		{C05FE77E-FCCD-4F1B-962F-7ABBA02BC18B}.Ad-Hoc|iPhone.ActiveCfg = Ad-Hoc|iPhone
		{C05FE77E-FCCD-4F1B-962F-7ABBA02BC18B}.Ad-Hoc|iPhone.Build.0 = Ad-Hoc|iPhone
		{C05FE77E-FCCD-4F1B-962F-7ABBA02BC18B}.Ad-Hoc|iPhone.Deploy.0 = Ad-Hoc|iPhone
		{C05FE77E-FCCD-4F1B-962F-7ABBA02BC18B}.Ad-Hoc|iPhoneSimulator.ActiveCfg = Ad-Hoc|iPhoneSimulator
		{C05FE77E-FCCD-4F1B-962F-7ABBA02BC18B}.Ad-Hoc|iPhoneSimulator.Build.0 = Ad-Hoc|iPhoneSimulator
		{C05FE77E-FCCD-4F1B-962F-7ABBA02BC18B}.Ad-Hoc|iPhoneSimulator.Deploy.0 = Ad-Hoc|iPhoneSimulator
		{C05FE77E-FCCD-4F1B-962F-7ABBA02BC18B}.Ad-Hoc|x64.ActiveCfg = Ad-Hoc|iPhone
		{C05FE77E-FCCD-4F1B-962F-7ABBA02BC18B}.Ad-Hoc|x64.Build.0 = Ad-Hoc|iPhone
		{C05FE77E-FCCD-4F1B-962F-7ABBA02BC18B}.Ad-Hoc|x64.Deploy.0 = Ad-Hoc|iPhone
		{C05FE77E-FCCD-4F1B-962F-7ABBA02BC18B}.Ad-Hoc|x86.ActiveCfg = Ad-Hoc|iPhone
		{C05FE77E-FCCD-4F1B-962F-7ABBA02BC18B}.Ad-Hoc|x86.Build.0 = Ad-Hoc|iPhone
		{C05FE77E-FCCD-4F1B-962F-7ABBA02BC18B}.Ad-Hoc|x86.Deploy.0 = Ad-Hoc|iPhone
		{C05FE77E-FCCD-4F1B-962F-7ABBA02BC18B}.AppStore|Any CPU.ActiveCfg = AppStore|iPhone
		{C05FE77E-FCCD-4F1B-962F-7ABBA02BC18B}.AppStore|Any CPU.Build.0 = AppStore|iPhone
		{C05FE77E-FCCD-4F1B-962F-7ABBA02BC18B}.AppStore|Any CPU.Deploy.0 = AppStore|iPhone
		{C05FE77E-FCCD-4F1B-962F-7ABBA02BC18B}.AppStore|ARM.ActiveCfg = AppStore|iPhone
		{C05FE77E-FCCD-4F1B-962F-7ABBA02BC18B}.AppStore|ARM.Build.0 = AppStore|iPhone
		{C05FE77E-FCCD-4F1B-962F-7ABBA02BC18B}.AppStore|ARM.Deploy.0 = AppStore|iPhone
		{C05FE77E-FCCD-4F1B-962F-7ABBA02BC18B}.AppStore|iPhone.ActiveCfg = AppStore|iPhone
		{C05FE77E-FCCD-4F1B-962F-7ABBA02BC18B}.AppStore|iPhone.Build.0 = AppStore|iPhone
		{C05FE77E-FCCD-4F1B-962F-7ABBA02BC18B}.AppStore|iPhone.Deploy.0 = AppStore|iPhone
		{C05FE77E-FCCD-4F1B-962F-7ABBA02BC18B}.AppStore|iPhoneSimulator.ActiveCfg = AppStore|iPhoneSimulator
		{C05FE77E-FCCD-4F1B-962F-7ABBA02BC18B}.AppStore|iPhoneSimulator.Build.0 = AppStore|iPhoneSimulator
		{C05FE77E-FCCD-4F1B-962F-7ABBA02BC18B}.AppStore|iPhoneSimulator.Deploy.0 = AppStore|iPhoneSimulator
		{C05FE77E-FCCD-4F1B-962F-7ABBA02BC18B}.AppStore|x64.ActiveCfg = AppStore|iPhone
		{C05FE77E-FCCD-4F1B-962F-7ABBA02BC18B}.AppStore|x64.Build.0 = AppStore|iPhone
		{C05FE77E-FCCD-4F1B-962F-7ABBA02BC18B}.AppStore|x64.Deploy.0 = AppStore|iPhone
		{C05FE77E-FCCD-4F1B-962F-7ABBA02BC18B}.AppStore|x86.ActiveCfg = AppStore|iPhone
		{C05FE77E-FCCD-4F1B-962F-7ABBA02BC18B}.AppStore|x86.Build.0 = AppStore|iPhone
		{C05FE77E-FCCD-4F1B-962F-7ABBA02BC18B}.AppStore|x86.Deploy.0 = AppStore|iPhone
		{C05FE77E-FCCD-4F1B-962F-7ABBA02BC18B}.Debug|Any CPU.ActiveCfg = Debug|iPhoneSimulator
		{C05FE77E-FCCD-4F1B-962F-7ABBA02BC18B}.Debug|Any CPU.Build.0 = Debug|iPhoneSimulator
		{C05FE77E-FCCD-4F1B-962F-7ABBA02BC18B}.Debug|Any CPU.Deploy.0 = Debug|iPhoneSimulator
		{C05FE77E-FCCD-4F1B-962F-7ABBA02BC18B}.Debug|ARM.ActiveCfg = Debug|iPhone
		{C05FE77E-FCCD-4F1B-962F-7ABBA02BC18B}.Debug|ARM.Build.0 = Debug|iPhone
		{C05FE77E-FCCD-4F1B-962F-7ABBA02BC18B}.Debug|ARM.Deploy.0 = Debug|iPhone
		{C05FE77E-FCCD-4F1B-962F-7ABBA02BC18B}.Debug|iPhone.ActiveCfg = Debug|iPhone
		{C05FE77E-FCCD-4F1B-962F-7ABBA02BC18B}.Debug|iPhone.Build.0 = Debug|iPhone
		{C05FE77E-FCCD-4F1B-962F-7ABBA02BC18B}.Debug|iPhone.Deploy.0 = Debug|iPhone
		{C05FE77E-FCCD-4F1B-962F-7ABBA02BC18B}.Debug|iPhoneSimulator.ActiveCfg = Debug|iPhoneSimulator
		{C05FE77E-FCCD-4F1B-962F-7ABBA02BC18B}.Debug|iPhoneSimulator.Build.0 = Debug|iPhoneSimulator
		{C05FE77E-FCCD-4F1B-962F-7ABBA02BC18B}.Debug|iPhoneSimulator.Deploy.0 = Debug|iPhoneSimulator
		{C05FE77E-FCCD-4F1B-962F-7ABBA02BC18B}.Debug|x64.ActiveCfg = Debug|iPhone
		{C05FE77E-FCCD-4F1B-962F-7ABBA02BC18B}.Debug|x64.Build.0 = Debug|iPhone
		{C05FE77E-FCCD-4F1B-962F-7ABBA02BC18B}.Debug|x64.Deploy.0 = Debug|iPhone
		{C05FE77E-FCCD-4F1B-962F-7ABBA02BC18B}.Debug|x86.ActiveCfg = Debug|iPhone
		{C05FE77E-FCCD-4F1B-962F-7ABBA02BC18B}.Debug|x86.Build.0 = Debug|iPhone
		{C05FE77E-FCCD-4F1B-962F-7ABBA02BC18B}.Debug|x86.Deploy.0 = Debug|iPhone
		{C05FE77E-FCCD-4F1B-962F-7ABBA02BC18B}.Release|Any CPU.ActiveCfg = Release|iPhone
		{C05FE77E-FCCD-4F1B-962F-7ABBA02BC18B}.Release|Any CPU.Build.0 = Release|iPhone
		{C05FE77E-FCCD-4F1B-962F-7ABBA02BC18B}.Release|Any CPU.Deploy.0 = Release|iPhone
		{C05FE77E-FCCD-4F1B-962F-7ABBA02BC18B}.Release|ARM.ActiveCfg = Release|iPhone
		{C05FE77E-FCCD-4F1B-962F-7ABBA02BC18B}.Release|ARM.Build.0 = Release|iPhone
		{C05FE77E-FCCD-4F1B-962F-7ABBA02BC18B}.Release|ARM.Deploy.0 = Release|iPhone
		{C05FE77E-FCCD-4F1B-962F-7ABBA02BC18B}.Release|iPhone.ActiveCfg = Release|iPhone
		{C05FE77E-FCCD-4F1B-962F-7ABBA02BC18B}.Release|iPhone.Build.0 = Release|iPhone
		{C05FE77E-FCCD-4F1B-962F-7ABBA02BC18B}.Release|iPhone.Deploy.0 = Release|iPhone
		{C05FE77E-FCCD-4F1B-962F-7ABBA02BC18B}.Release|iPhoneSimulator.ActiveCfg = Release|iPhoneSimulator
		{C05FE77E-FCCD-4F1B-962F-7ABBA02BC18B}.Release|iPhoneSimulator.Build.0 = Release|iPhoneSimulator
		{C05FE77E-FCCD-4F1B-962F-7ABBA02BC18B}.Release|iPhoneSimulator.Deploy.0 = Release|iPhoneSimulator
		{C05FE77E-FCCD-4F1B-962F-7ABBA02BC18B}.Release|x64.ActiveCfg = Release|iPhone
		{C05FE77E-FCCD-4F1B-962F-7ABBA02BC18B}.Release|x64.Build.0 = Release|iPhone
		{C05FE77E-FCCD-4F1B-962F-7ABBA02BC18B}.Release|x64.Deploy.0 = Release|iPhone
		{C05FE77E-FCCD-4F1B-962F-7ABBA02BC18B}.Release|x86.ActiveCfg = Release|iPhone
		{C05FE77E-FCCD-4F1B-962F-7ABBA02BC18B}.Release|x86.Build.0 = Release|iPhone
		{C05FE77E-FCCD-4F1B-962F-7ABBA02BC18B}.Release|x86.Deploy.0 = Release|iPhone
		{8ADB19AB-F23F-4204-8792-15829AB3922F}.Ad-Hoc|Any CPU.ActiveCfg = Release|x86
		{8ADB19AB-F23F-4204-8792-15829AB3922F}.Ad-Hoc|Any CPU.Build.0 = Release|x86
		{8ADB19AB-F23F-4204-8792-15829AB3922F}.Ad-Hoc|Any CPU.Deploy.0 = Release|x86
		{8ADB19AB-F23F-4204-8792-15829AB3922F}.Ad-Hoc|ARM.ActiveCfg = Release|ARM
		{8ADB19AB-F23F-4204-8792-15829AB3922F}.Ad-Hoc|ARM.Build.0 = Release|ARM
		{8ADB19AB-F23F-4204-8792-15829AB3922F}.Ad-Hoc|ARM.Deploy.0 = Release|ARM
		{8ADB19AB-F23F-4204-8792-15829AB3922F}.Ad-Hoc|iPhone.ActiveCfg = Release|x86
		{8ADB19AB-F23F-4204-8792-15829AB3922F}.Ad-Hoc|iPhone.Build.0 = Release|x86
		{8ADB19AB-F23F-4204-8792-15829AB3922F}.Ad-Hoc|iPhone.Deploy.0 = Release|x86
		{8ADB19AB-F23F-4204-8792-15829AB3922F}.Ad-Hoc|iPhoneSimulator.ActiveCfg = Release|x86
		{8ADB19AB-F23F-4204-8792-15829AB3922F}.Ad-Hoc|iPhoneSimulator.Build.0 = Release|x86
		{8ADB19AB-F23F-4204-8792-15829AB3922F}.Ad-Hoc|iPhoneSimulator.Deploy.0 = Release|x86
		{8ADB19AB-F23F-4204-8792-15829AB3922F}.Ad-Hoc|x64.ActiveCfg = Release|x64
		{8ADB19AB-F23F-4204-8792-15829AB3922F}.Ad-Hoc|x64.Build.0 = Release|x64
		{8ADB19AB-F23F-4204-8792-15829AB3922F}.Ad-Hoc|x64.Deploy.0 = Release|x64
		{8ADB19AB-F23F-4204-8792-15829AB3922F}.Ad-Hoc|x86.ActiveCfg = Release|x86
		{8ADB19AB-F23F-4204-8792-15829AB3922F}.Ad-Hoc|x86.Build.0 = Release|x86
		{8ADB19AB-F23F-4204-8792-15829AB3922F}.Ad-Hoc|x86.Deploy.0 = Release|x86
		{8ADB19AB-F23F-4204-8792-15829AB3922F}.AppStore|Any CPU.ActiveCfg = Release|x86
		{8ADB19AB-F23F-4204-8792-15829AB3922F}.AppStore|Any CPU.Build.0 = Release|x86
		{8ADB19AB-F23F-4204-8792-15829AB3922F}.AppStore|Any CPU.Deploy.0 = Release|x86
		{8ADB19AB-F23F-4204-8792-15829AB3922F}.AppStore|ARM.ActiveCfg = Release|ARM
		{8ADB19AB-F23F-4204-8792-15829AB3922F}.AppStore|ARM.Build.0 = Release|ARM
		{8ADB19AB-F23F-4204-8792-15829AB3922F}.AppStore|ARM.Deploy.0 = Release|ARM
		{8ADB19AB-F23F-4204-8792-15829AB3922F}.AppStore|iPhone.ActiveCfg = Release|x86
		{8ADB19AB-F23F-4204-8792-15829AB3922F}.AppStore|iPhone.Build.0 = Release|x86
		{8ADB19AB-F23F-4204-8792-15829AB3922F}.AppStore|iPhone.Deploy.0 = Release|x86
		{8ADB19AB-F23F-4204-8792-15829AB3922F}.AppStore|iPhoneSimulator.ActiveCfg = Release|x86
		{8ADB19AB-F23F-4204-8792-15829AB3922F}.AppStore|iPhoneSimulator.Build.0 = Release|x86
		{8ADB19AB-F23F-4204-8792-15829AB3922F}.AppStore|iPhoneSimulator.Deploy.0 = Release|x86
		{8ADB19AB-F23F-4204-8792-15829AB3922F}.AppStore|x64.ActiveCfg = Release|x64
		{8ADB19AB-F23F-4204-8792-15829AB3922F}.AppStore|x64.Build.0 = Release|x64
		{8ADB19AB-F23F-4204-8792-15829AB3922F}.AppStore|x64.Deploy.0 = Release|x64
		{8ADB19AB-F23F-4204-8792-15829AB3922F}.AppStore|x86.ActiveCfg = Release|x86
		{8ADB19AB-F23F-4204-8792-15829AB3922F}.AppStore|x86.Build.0 = Release|x86
		{8ADB19AB-F23F-4204-8792-15829AB3922F}.AppStore|x86.Deploy.0 = Release|x86
		{8ADB19AB-F23F-4204-8792-15829AB3922F}.Debug|Any CPU.ActiveCfg = Debug|x86
		{8ADB19AB-F23F-4204-8792-15829AB3922F}.Debug|Any CPU.Build.0 = Debug|x86
		{8ADB19AB-F23F-4204-8792-15829AB3922F}.Debug|Any CPU.Deploy.0 = Debug|x86
		{8ADB19AB-F23F-4204-8792-15829AB3922F}.Debug|ARM.ActiveCfg = Debug|ARM
		{8ADB19AB-F23F-4204-8792-15829AB3922F}.Debug|ARM.Build.0 = Debug|ARM
		{8ADB19AB-F23F-4204-8792-15829AB3922F}.Debug|ARM.Deploy.0 = Debug|ARM
		{8ADB19AB-F23F-4204-8792-15829AB3922F}.Debug|iPhone.ActiveCfg = Debug|x86
		{8ADB19AB-F23F-4204-8792-15829AB3922F}.Debug|iPhone.Build.0 = Debug|x86
		{8ADB19AB-F23F-4204-8792-15829AB3922F}.Debug|iPhone.Deploy.0 = Debug|x86
		{8ADB19AB-F23F-4204-8792-15829AB3922F}.Debug|iPhoneSimulator.ActiveCfg = Debug|x86
		{8ADB19AB-F23F-4204-8792-15829AB3922F}.Debug|iPhoneSimulator.Build.0 = Debug|x86
		{8ADB19AB-F23F-4204-8792-15829AB3922F}.Debug|iPhoneSimulator.Deploy.0 = Debug|x86
		{8ADB19AB-F23F-4204-8792-15829AB3922F}.Debug|x64.ActiveCfg = Debug|x64
		{8ADB19AB-F23F-4204-8792-15829AB3922F}.Debug|x64.Build.0 = Debug|x64
		{8ADB19AB-F23F-4204-8792-15829AB3922F}.Debug|x64.Deploy.0 = Debug|x64
		{8ADB19AB-F23F-4204-8792-15829AB3922F}.Debug|x86.ActiveCfg = Debug|x86
		{8ADB19AB-F23F-4204-8792-15829AB3922F}.Debug|x86.Build.0 = Debug|x86
		{8ADB19AB-F23F-4204-8792-15829AB3922F}.Debug|x86.Deploy.0 = Debug|x86
		{8ADB19AB-F23F-4204-8792-15829AB3922F}.Release|Any CPU.ActiveCfg = Release|x86
		{8ADB19AB-F23F-4204-8792-15829AB3922F}.Release|Any CPU.Build.0 = Release|x86
		{8ADB19AB-F23F-4204-8792-15829AB3922F}.Release|Any CPU.Deploy.0 = Release|x86
		{8ADB19AB-F23F-4204-8792-15829AB3922F}.Release|ARM.ActiveCfg = Release|ARM
		{8ADB19AB-F23F-4204-8792-15829AB3922F}.Release|ARM.Build.0 = Release|ARM
		{8ADB19AB-F23F-4204-8792-15829AB3922F}.Release|ARM.Deploy.0 = Release|ARM
		{8ADB19AB-F23F-4204-8792-15829AB3922F}.Release|iPhone.ActiveCfg = Release|x86
		{8ADB19AB-F23F-4204-8792-15829AB3922F}.Release|iPhone.Build.0 = Release|x86
		{8ADB19AB-F23F-4204-8792-15829AB3922F}.Release|iPhone.Deploy.0 = Release|x86
		{8ADB19AB-F23F-4204-8792-15829AB3922F}.Release|iPhoneSimulator.ActiveCfg = Release|x86
		{8ADB19AB-F23F-4204-8792-15829AB3922F}.Release|iPhoneSimulator.Build.0 = Release|x86
		{8ADB19AB-F23F-4204-8792-15829AB3922F}.Release|iPhoneSimulator.Deploy.0 = Release|x86
		{8ADB19AB-F23F-4204-8792-15829AB3922F}.Release|x64.ActiveCfg = Release|x64
		{8ADB19AB-F23F-4204-8792-15829AB3922F}.Release|x64.Build.0 = Release|x64
		{8ADB19AB-F23F-4204-8792-15829AB3922F}.Release|x64.Deploy.0 = Release|x64
		{8ADB19AB-F23F-4204-8792-15829AB3922F}.Release|x86.ActiveCfg = Release|x86
		{8ADB19AB-F23F-4204-8792-15829AB3922F}.Release|x86.Build.0 = Release|x86
		{8ADB19AB-F23F-4204-8792-15829AB3922F}.Release|x86.Deploy.0 = Release|x86
		{F68D23EA-10FE-46B6-A9A9-B9E5FE18EED1}.Ad-Hoc|Any CPU.ActiveCfg = Debug|Any CPU
		{F68D23EA-10FE-46B6-A9A9-B9E5FE18EED1}.Ad-Hoc|Any CPU.Build.0 = Debug|Any CPU
		{F68D23EA-10FE-46B6-A9A9-B9E5FE18EED1}.Ad-Hoc|Any CPU.Deploy.0 = Debug|Any CPU
		{F68D23EA-10FE-46B6-A9A9-B9E5FE18EED1}.Ad-Hoc|ARM.ActiveCfg = Debug|Any CPU
		{F68D23EA-10FE-46B6-A9A9-B9E5FE18EED1}.Ad-Hoc|ARM.Build.0 = Debug|Any CPU
		{F68D23EA-10FE-46B6-A9A9-B9E5FE18EED1}.Ad-Hoc|ARM.Deploy.0 = Debug|Any CPU
		{F68D23EA-10FE-46B6-A9A9-B9E5FE18EED1}.Ad-Hoc|iPhone.ActiveCfg = Debug|Any CPU
		{F68D23EA-10FE-46B6-A9A9-B9E5FE18EED1}.Ad-Hoc|iPhone.Build.0 = Debug|Any CPU
		{F68D23EA-10FE-46B6-A9A9-B9E5FE18EED1}.Ad-Hoc|iPhone.Deploy.0 = Debug|Any CPU
		{F68D23EA-10FE-46B6-A9A9-B9E5FE18EED1}.Ad-Hoc|iPhoneSimulator.ActiveCfg = Debug|Any CPU
		{F68D23EA-10FE-46B6-A9A9-B9E5FE18EED1}.Ad-Hoc|iPhoneSimulator.Build.0 = Debug|Any CPU
		{F68D23EA-10FE-46B6-A9A9-B9E5FE18EED1}.Ad-Hoc|iPhoneSimulator.Deploy.0 = Debug|Any CPU
		{F68D23EA-10FE-46B6-A9A9-B9E5FE18EED1}.Ad-Hoc|x64.ActiveCfg = Debug|Any CPU
		{F68D23EA-10FE-46B6-A9A9-B9E5FE18EED1}.Ad-Hoc|x64.Build.0 = Debug|Any CPU
		{F68D23EA-10FE-46B6-A9A9-B9E5FE18EED1}.Ad-Hoc|x64.Deploy.0 = Debug|Any CPU
		{F68D23EA-10FE-46B6-A9A9-B9E5FE18EED1}.Ad-Hoc|x86.ActiveCfg = Debug|Any CPU
		{F68D23EA-10FE-46B6-A9A9-B9E5FE18EED1}.Ad-Hoc|x86.Build.0 = Debug|Any CPU
		{F68D23EA-10FE-46B6-A9A9-B9E5FE18EED1}.Ad-Hoc|x86.Deploy.0 = Debug|Any CPU
		{F68D23EA-10FE-46B6-A9A9-B9E5FE18EED1}.AppStore|Any CPU.ActiveCfg = Debug|Any CPU
		{F68D23EA-10FE-46B6-A9A9-B9E5FE18EED1}.AppStore|Any CPU.Build.0 = Debug|Any CPU
		{F68D23EA-10FE-46B6-A9A9-B9E5FE18EED1}.AppStore|Any CPU.Deploy.0 = Debug|Any CPU
		{F68D23EA-10FE-46B6-A9A9-B9E5FE18EED1}.AppStore|ARM.ActiveCfg = Debug|Any CPU
		{F68D23EA-10FE-46B6-A9A9-B9E5FE18EED1}.AppStore|ARM.Build.0 = Debug|Any CPU
		{F68D23EA-10FE-46B6-A9A9-B9E5FE18EED1}.AppStore|ARM.Deploy.0 = Debug|Any CPU
		{F68D23EA-10FE-46B6-A9A9-B9E5FE18EED1}.AppStore|iPhone.ActiveCfg = Debug|Any CPU
		{F68D23EA-10FE-46B6-A9A9-B9E5FE18EED1}.AppStore|iPhone.Build.0 = Debug|Any CPU
		{F68D23EA-10FE-46B6-A9A9-B9E5FE18EED1}.AppStore|iPhone.Deploy.0 = Debug|Any CPU
		{F68D23EA-10FE-46B6-A9A9-B9E5FE18EED1}.AppStore|iPhoneSimulator.ActiveCfg = Debug|Any CPU
		{F68D23EA-10FE-46B6-A9A9-B9E5FE18EED1}.AppStore|iPhoneSimulator.Build.0 = Debug|Any CPU
		{F68D23EA-10FE-46B6-A9A9-B9E5FE18EED1}.AppStore|iPhoneSimulator.Deploy.0 = Debug|Any CPU
		{F68D23EA-10FE-46B6-A9A9-B9E5FE18EED1}.AppStore|x64.ActiveCfg = Debug|Any CPU
		{F68D23EA-10FE-46B6-A9A9-B9E5FE18EED1}.AppStore|x64.Build.0 = Debug|Any CPU
		{F68D23EA-10FE-46B6-A9A9-B9E5FE18EED1}.AppStore|x64.Deploy.0 = Debug|Any CPU
		{F68D23EA-10FE-46B6-A9A9-B9E5FE18EED1}.AppStore|x86.ActiveCfg = Debug|Any CPU
		{F68D23EA-10FE-46B6-A9A9-B9E5FE18EED1}.AppStore|x86.Build.0 = Debug|Any CPU
		{F68D23EA-10FE-46B6-A9A9-B9E5FE18EED1}.AppStore|x86.Deploy.0 = Debug|Any CPU
		{F68D23EA-10FE-46B6-A9A9-B9E5FE18EED1}.Debug|Any CPU.ActiveCfg = Debug|Any CPU
		{F68D23EA-10FE-46B6-A9A9-B9E5FE18EED1}.Debug|Any CPU.Build.0 = Debug|Any CPU
		{F68D23EA-10FE-46B6-A9A9-B9E5FE18EED1}.Debug|Any CPU.Deploy.0 = Debug|Any CPU
		{F68D23EA-10FE-46B6-A9A9-B9E5FE18EED1}.Debug|ARM.ActiveCfg = Debug|Any CPU
		{F68D23EA-10FE-46B6-A9A9-B9E5FE18EED1}.Debug|ARM.Build.0 = Debug|Any CPU
		{F68D23EA-10FE-46B6-A9A9-B9E5FE18EED1}.Debug|ARM.Deploy.0 = Debug|Any CPU
		{F68D23EA-10FE-46B6-A9A9-B9E5FE18EED1}.Debug|iPhone.ActiveCfg = Debug|Any CPU
		{F68D23EA-10FE-46B6-A9A9-B9E5FE18EED1}.Debug|iPhone.Build.0 = Debug|Any CPU
		{F68D23EA-10FE-46B6-A9A9-B9E5FE18EED1}.Debug|iPhone.Deploy.0 = Debug|Any CPU
		{F68D23EA-10FE-46B6-A9A9-B9E5FE18EED1}.Debug|iPhoneSimulator.ActiveCfg = Debug|Any CPU
		{F68D23EA-10FE-46B6-A9A9-B9E5FE18EED1}.Debug|iPhoneSimulator.Build.0 = Debug|Any CPU
		{F68D23EA-10FE-46B6-A9A9-B9E5FE18EED1}.Debug|iPhoneSimulator.Deploy.0 = Debug|Any CPU
		{F68D23EA-10FE-46B6-A9A9-B9E5FE18EED1}.Debug|x64.ActiveCfg = Debug|Any CPU
		{F68D23EA-10FE-46B6-A9A9-B9E5FE18EED1}.Debug|x64.Build.0 = Debug|Any CPU
		{F68D23EA-10FE-46B6-A9A9-B9E5FE18EED1}.Debug|x64.Deploy.0 = Debug|Any CPU
		{F68D23EA-10FE-46B6-A9A9-B9E5FE18EED1}.Debug|x86.ActiveCfg = Debug|Any CPU
		{F68D23EA-10FE-46B6-A9A9-B9E5FE18EED1}.Debug|x86.Build.0 = Debug|Any CPU
		{F68D23EA-10FE-46B6-A9A9-B9E5FE18EED1}.Debug|x86.Deploy.0 = Debug|Any CPU
		{F68D23EA-10FE-46B6-A9A9-B9E5FE18EED1}.Release|Any CPU.ActiveCfg = Release|Any CPU
		{F68D23EA-10FE-46B6-A9A9-B9E5FE18EED1}.Release|Any CPU.Build.0 = Release|Any CPU
		{F68D23EA-10FE-46B6-A9A9-B9E5FE18EED1}.Release|Any CPU.Deploy.0 = Release|Any CPU
		{F68D23EA-10FE-46B6-A9A9-B9E5FE18EED1}.Release|ARM.ActiveCfg = Release|Any CPU
		{F68D23EA-10FE-46B6-A9A9-B9E5FE18EED1}.Release|ARM.Build.0 = Release|Any CPU
		{F68D23EA-10FE-46B6-A9A9-B9E5FE18EED1}.Release|ARM.Deploy.0 = Release|Any CPU
		{F68D23EA-10FE-46B6-A9A9-B9E5FE18EED1}.Release|iPhone.ActiveCfg = Release|Any CPU
		{F68D23EA-10FE-46B6-A9A9-B9E5FE18EED1}.Release|iPhone.Build.0 = Release|Any CPU
		{F68D23EA-10FE-46B6-A9A9-B9E5FE18EED1}.Release|iPhone.Deploy.0 = Release|Any CPU
		{F68D23EA-10FE-46B6-A9A9-B9E5FE18EED1}.Release|iPhoneSimulator.ActiveCfg = Release|Any CPU
		{F68D23EA-10FE-46B6-A9A9-B9E5FE18EED1}.Release|iPhoneSimulator.Build.0 = Release|Any CPU
		{F68D23EA-10FE-46B6-A9A9-B9E5FE18EED1}.Release|iPhoneSimulator.Deploy.0 = Release|Any CPU
		{F68D23EA-10FE-46B6-A9A9-B9E5FE18EED1}.Release|x64.ActiveCfg = Release|Any CPU
		{F68D23EA-10FE-46B6-A9A9-B9E5FE18EED1}.Release|x64.Build.0 = Release|Any CPU
		{F68D23EA-10FE-46B6-A9A9-B9E5FE18EED1}.Release|x64.Deploy.0 = Release|Any CPU
		{F68D23EA-10FE-46B6-A9A9-B9E5FE18EED1}.Release|x86.ActiveCfg = Release|Any CPU
		{F68D23EA-10FE-46B6-A9A9-B9E5FE18EED1}.Release|x86.Build.0 = Release|Any CPU
		{F68D23EA-10FE-46B6-A9A9-B9E5FE18EED1}.Release|x86.Deploy.0 = Release|Any CPU
	EndGlobalSection
	GlobalSection(SolutionProperties) = preSolution
		HideSolutionNode = FALSE
	EndGlobalSection
	GlobalSection(ExtensibilityGlobals) = postSolution
		SolutionGuid = {45662CB5-946F-4DC1-8EB4-7A47764B5A2D}
	EndGlobalSection
EndGlobal
