
Microsoft Visual Studio Solution File, Format Version 12.00
# Visual Studio 15
VisualStudioVersion = 15.0.27703.2042
MinimumVisualStudioVersion = 10.0.40219.1
Project("{FAE04EC0-301F-11D3-BF4B-00C04F79EFBC}") = "Locking", "Locking\Locking.csproj", "{C8D08345-BE44-4913-9ADF-D32601CC442E}"
EndProject
Global
	GlobalSection(SolutionConfigurationPlatforms) = preSolution
		Debug|Any CPU = Debug|Any CPU
		Release|Any CPU = Release|Any CPU
	EndGlobalSection
	GlobalSection(ProjectConfigurationPlatforms) = postSolution
		{C8D08345-BE44-4913-9ADF-D32601CC442E}.Debug|Any CPU.ActiveCfg = Debug|Any CPU
		{C8D08345-BE44-4913-9ADF-D32601CC442E}.Debug|Any CPU.Build.0 = Debug|Any CPU
		{C8D08345-BE44-4913-9ADF-D32601CC442E}.Release|Any CPU.ActiveCfg = Release|Any CPU
		{C8D08345-BE44-4913-9ADF-D32601CC442E}.Release|Any CPU.Build.0 = Release|Any CPU
	EndGlobalSection
	GlobalSection(SolutionProperties) = preSolution
		HideSolutionNode = FALSE
	EndGlobalSection
	GlobalSection(ExtensibilityGlobals) = postSolution
		SolutionGuid = {24D1C59F-B01F-4A15-9E5F-B41CEB104EB4}
	EndGlobalSection
EndGlobal
